{
  "name": "server",
  "version": "1.0.0",
  "lockfileVersion": 3,
  "requires": true,
  "packages": {
    "": {
      "name": "server",
      "version": "1.0.0",
      "license": "ISC",
      "dependencies": {
        "openrgb-sdk": "^0.6.0",
        "ws": "^8.21.0"
      }
    },
    "node_modules/bufferpack": {
      "version": "0.0.6",
      "resolved": "https://registry.npmjs.org/bufferpack/-/bufferpack-0.0.6.tgz",
      "integrity": "sha512-MTWvLHElqczrIVhge9qHtqgNigJFyh0+tCDId5yCbFAfuekHWIG+uAgvoHVflwrDPuY/e47JE1ki5qcM7w4uLg==",
      "engines": {
        "node": "*"
      }
    },
    "node_modules/openrgb-sdk": {
      "version": "0.6.0",
      "resolved": "https://registry.npmjs.org/openrgb-sdk/-/openrgb-sdk-0.6.0.tgz",
      "integrity": "sha512-DXY341jLmvldF4ikZp/f4zES4fhSgADOmuTAoO///7bcWglv5xLnmyZrAYI4qbE9eD7UhQaLwcEm8RYJkwQ2bQ==",
      "license": "MIT",
      "dependencies": {
        "bufferpack": "0.0.6"
      },
      "engines": {
        "node": ">=8.3"
      }
    },
    "node_modules/ws": {
      "version": "8.21.0",
      "resolved": "https://registry.npmjs.org/ws/-/ws-8.21.0.tgz",
      "integrity": "sha512-Vsp28b7DRcimFQvrqu2Wek3z1iYxDCWqHYB8Qsnk/S4RfaCQzPGPyBNuVjJV3cd6UiKtUtp6sNM77gWvzcCH+g==",
      "license": "MIT",
      "engines": {
        "node": ">=10.0.0"
      },
      "peerDependencies": {
        "bufferutil": "^4.0.1",
        "utf-8-validate": ">=5.0.2"
      },
      "peerDependenciesMeta": {
        "bufferutil": {
          "optional": true
        },
        "utf-8-validate": {
          "optional": true
        }
      }
    }
  }
}
